
Microsoft Visual Studio Solution File, Format Version 12.00
# Visual Studio Version 17
VisualStudioVersion = 17.11.35303.130
MinimumVisualStudioVersion = 10.0.40219.1
Project("{9A19103F-16F7-4668-BE54-9A1E7A4F7556}") = "GemPowerplant.CodingChallenge", "GemPowerplant.CodingChallenge\GemPowerplant.CodingChallenge.csproj", "{B05E21D6-E316-46E4-AD05-D3BF975478CC}"
EndProject
Project("{FAE04EC0-301F-11D3-BF4B-00C04F79EFBC}") = "GemPowerplant.CodingChallenge.Tests", "GemPowerplant.CodingChallenge.Tests\GemPowerplant.CodingChallenge.Tests.csproj", "{FE0E9BC2-3592-4A1D-8411-505C2F64559F}"
EndProject
Global
	GlobalSection(SolutionConfigurationPlatforms) = preSolution
		Debug|Any CPU = Debug|Any CPU
		Release|Any CPU = Release|Any CPU
	EndGlobalSection
	GlobalSection(ProjectConfigurationPlatforms) = postSolution
		{B05E21D6-E316-46E4-AD05-D3BF975478CC}.Debug|Any CPU.ActiveCfg = Debug|Any CPU
		{B05E21D6-E316-46E4-AD05-D3BF975478CC}.Debug|Any CPU.Build.0 = Debug|Any CPU
		{B05E21D6-E316-46E4-AD05-D3BF975478CC}.Release|Any CPU.ActiveCfg = Release|Any CPU
		{B05E21D6-E316-46E4-AD05-D3BF975478CC}.Release|Any CPU.Build.0 = Release|Any CPU
		{FE0E9BC2-3592-4A1D-8411-505C2F64559F}.Debug|Any CPU.ActiveCfg = Debug|Any CPU
		{FE0E9BC2-3592-4A1D-8411-505C2F64559F}.Debug|Any CPU.Build.0 = Debug|Any CPU
		{FE0E9BC2-3592-4A1D-8411-505C2F64559F}.Release|Any CPU.ActiveCfg = Release|Any CPU
		{FE0E9BC2-3592-4A1D-8411-505C2F64559F}.Release|Any CPU.Build.0 = Release|Any CPU
	EndGlobalSection
	GlobalSection(SolutionProperties) = preSolution
		HideSolutionNode = FALSE
	EndGlobalSection
	GlobalSection(ExtensibilityGlobals) = postSolution
		SolutionGuid = {73A7B412-54E8-41B3-A1C7-5AECA9D196B8}
	EndGlobalSection
EndGlobal
